
Microsoft Visual Studio Solution File, Format Version 12.00
# Visual Studio Version 16
VisualStudioVersion = 16.0.31702.278
MinimumVisualStudioVersion = 10.0.40219.1
Project("{FAE04EC0-301F-11D3-BF4B-00C04F79EFBC}") = "DelegateRealtimeExample", "DelegateRealtimeExample.csproj", "{2834770C-377A-4E8E-B650-1EBC7CC59485}"
EndProject
Global
	GlobalSection(SolutionConfigurationPlatforms) = preSolution
		Debug|Any CPU = Debug|Any CPU
		Release|Any CPU = Release|Any CPU
	EndGlobalSection
	GlobalSection(ProjectConfigurationPlatforms) = postSolution
		{2834770C-377A-4E8E-B650-1EBC7CC59485}.Debug|Any CPU.ActiveCfg = Debug|Any CPU
		{2834770C-377A-4E8E-B650-1EBC7CC59485}.Debug|Any CPU.Build.0 = Debug|Any CPU
		{2834770C-377A-4E8E-B650-1EBC7CC59485}.Release|Any CPU.ActiveCfg = Release|Any CPU
		{2834770C-377A-4E8E-B650-1EBC7CC59485}.Release|Any CPU.Build.0 = Release|Any CPU
	EndGlobalSection
	GlobalSection(SolutionProperties) = preSolution
		HideSolutionNode = FALSE
	EndGlobalSection
	GlobalSection(ExtensibilityGlobals) = postSolution
		SolutionGuid = {B591620C-02CB-4AA1-AA8B-55BA6FCADBA0}
	EndGlobalSection
EndGlobal
